// !$*UTF8*$!
{
	archiveVersion = 1;
	classes = {
	};
	objectVersion = 46;
	objects = {

/* Begin PBXBuildFile section */
		27AAB1D61AA4EB6D009E40A9 /* main.m in Sources */ = {isa = PBXBuildFile; fileRef = 27AAB1D51AA4EB6D009E40A9 /* main.m */; };
		27AAB1D91AA4EB6D009E40A9 /* AppDelegate.m in Sources */ = {isa = PBXBuildFile; fileRef = 27AAB1D81AA4EB6D009E40A9 /* AppDelegate.m */; };
		27AAB1DC1AA4EB6D009E40A9 /* MainViewController.m in Sources */ = {isa = PBXBuildFile; fileRef = 27AAB1DB1AA4EB6D009E40A9 /* MainViewController.m */; };
		27AAB1DF1AA4EB6D009E40A9 /* Main.storyboard in Resources */ = {isa = PBXBuildFile; fileRef = 27AAB1DD1AA4EB6D009E40A9 /* Main.storyboard */; };
		27AAB1E11AA4EB6D009E40A9 /* Images.xcassets in Resources */ = {isa = PBXBuildFile; fileRef = 27AAB1E01AA4EB6D009E40A9 /* Images.xcassets */; };
		27AAB1E41AA4EB6D009E40A9 /* LaunchScreen.xib in Resources */ = {isa = PBXBuildFile; fileRef = 27AAB1E21AA4EB6D009E40A9 /* LaunchScreen.xib */; };
		27AAB1F01AA4EB6D009E40A9 /* Exercise1Tests.m in Sources */ = {isa = PBXBuildFile; fileRef = 27AAB1EF1AA4EB6D009E40A9 /* Exercise1Tests.m */; };
		27AAB1FB1AA4F1A6009E40A9 /* NumberPadViewController.m in Sources */ = {isa = PBXBuildFile; fileRef = 27AAB1FA1AA4F1A6009E40A9 /* NumberPadViewController.m */; };
		27AAB1FE1AA4F1CF009E40A9 /* OperationsViewController.m in Sources */ = {isa = PBXBuildFile; fileRef = 27AAB1FD1AA4F1CF009E40A9 /* OperationsViewController.m */; };
		27AAB2181AA5305F009E40A9 /* CalculatorEngine.m in Sources */ = {isa = PBXBuildFile; fileRef = 27AAB2171AA5305F009E40A9 /* CalculatorEngine.m */; };
/* End PBXBuildFile section */

/* Begin PBXContainerItemProxy section */
		27AAB1EA1AA4EB6D009E40A9 /* PBXContainerItemProxy */ = {
			isa = PBXContainerItemProxy;
			containerPortal = 27AAB1C81AA4EB6D009E40A9 /* Project object */;
			proxyType = 1;
			remoteGlobalIDString = 27AAB1CF1AA4EB6D009E40A9;
			remoteInfo = Exercise1;
		};
/* End PBXContainerItemProxy section */

/* Begin PBXFileReference section */
		27AAB1D01AA4EB6D009E40A9 /* Exercise1.app */ = {isa = PBXFileReference; explicitFileType = wrapper.application; includeInIndex = 0; path = Exercise1.app; sourceTree = BUILT_PRODUCTS_DIR; };
		27AAB1D41AA4EB6D009E40A9 /* Info.plist */ = {isa = PBXFileReference; lastKnownFileType = text.plist.xml; path = Info.plist; sourceTree = "<group>"; };
		27AAB1D51AA4EB6D009E40A9 /* main.m */ = {isa = PBXFileReference; lastKnownFileType = sourcecode.c.objc; path = main.m; sourceTree = "<group>"; };
		27AAB1D71AA4EB6D009E40A9 /* AppDelegate.h */ = {isa = PBXFileReference; lastKnownFileType = sourcecode.c.h; path = AppDelegate.h; sourceTree = "<group>"; };
		27AAB1D81AA4EB6D009E40A9 /* AppDelegate.m */ = {isa = PBXFileReference; lastKnownFileType = sourcecode.c.objc; path = AppDelegate.m; sourceTree = "<group>"; };
		27AAB1DA1AA4EB6D009E40A9 /* MainViewController.h */ = {isa = PBXFileReference; lastKnownFileType = sourcecode.c.h; path = MainViewController.h; sourceTree = "<group>"; };
		27AAB1DB1AA4EB6D009E40A9 /* MainViewController.m */ = {isa = PBXFileReference; lastKnownFileType = sourcecode.c.objc; path = MainViewController.m; sourceTree = "<group>"; };
		27AAB1DE1AA4EB6D009E40A9 /* Base */ = {isa = PBXFileReference; lastKnownFileType = file.storyboard; name = Base; path = Base.lproj/Main.storyboard; sourceTree = "<group>"; };
		27AAB1E01AA4EB6D009E40A9 /* Images.xcassets */ = {isa = PBXFileReference; lastKnownFileType = folder.assetcatalog; path = Images.xcassets; sourceTree = "<group>"; };
		27AAB1E31AA4EB6D009E40A9 /* Base */ = {isa = PBXFileReference; lastKnownFileType = file.xib; name = Base; path = Base.lproj/LaunchScreen.xib; sourceTree = "<group>"; };
		27AAB1E91AA4EB6D009E40A9 /* Exercise1Tests.xctest */ = {isa = PBXFileReference; explicitFileType = wrapper.cfbundle; includeInIndex = 0; path = Exercise1Tests.xctest; sourceTree = BUILT_PRODUCTS_DIR; };
		27AAB1EE1AA4EB6D009E40A9 /* Info.plist */ = {isa = PBXFileReference; lastKnownFileType = text.plist.xml; path = Info.plist; sourceTree = "<group>"; };
		27AAB1EF1AA4EB6D009E40A9 /* Exercise1Tests.m */ = {isa = PBXFileReference; lastKnownFileType = sourcecode.c.objc; path = Exercise1Tests.m; sourceTree = "<group>"; };
		27AAB1F91AA4F1A6009E40A9 /* NumberPadViewController.h */ = {isa = PBXFileReference; fileEncoding = 4; lastKnownFileType = sourcecode.c.h; path = NumberPadViewController.h; sourceTree = "<group>"; };
		27AAB1FA1AA4F1A6009E40A9 /* NumberPadViewController.m */ = {isa = PBXFileReference; fileEncoding = 4; lastKnownFileType = sourcecode.c.objc; path = NumberPadViewController.m; sourceTree = "<group>"; };
		27AAB1FC1AA4F1CF009E40A9 /* OperationsViewController.h */ = {isa = PBXFileReference; fileEncoding = 4; lastKnownFileType = sourcecode.c.h; path = OperationsViewController.h; sourceTree = "<group>"; };
		27AAB1FD1AA4F1CF009E40A9 /* OperationsViewController.m */ = {isa = PBXFileReference; fileEncoding = 4; lastKnownFileType = sourcecode.c.objc; path = OperationsViewController.m; sourceTree = "<group>"; };
		27AAB2161AA5305F009E40A9 /* CalculatorEngine.h */ = {isa = PBXFileReference; fileEncoding = 4; lastKnownFileType = sourcecode.c.h; path = CalculatorEngine.h; sourceTree = "<group>"; };
		27AAB2171AA5305F009E40A9 /* CalculatorEngine.m */ = {isa = PBXFileReference; fileEncoding = 4; lastKnownFileType = sourcecode.c.objc; path = CalculatorEngine.m; sourceTree = "<group>"; };
/* End PBXFileReference section */

/* Begin PBXFrameworksBuildPhase section */
		27AAB1CD1AA4EB6D009E40A9 /* Frameworks */ = {
			isa = PBXFrameworksBuildPhase;
			buildActionMask = 2147483647;
			files = (
			);
			runOnlyForDeploymentPostprocessing = 0;
		};
		27AAB1E61AA4EB6D009E40A9 /* Frameworks */ = {
			isa = PBXFrameworksBuildPhase;
			buildActionMask = 2147483647;
			files = (
			);
			runOnlyForDeploymentPostprocessing = 0;
		};
/* End PBXFrameworksBuildPhase section */

/* Begin PBXGroup section */
		27AAB1C71AA4EB6D009E40A9 = {
			isa = PBXGroup;
			children = (
				27AAB1D21AA4EB6D009E40A9 /* Exercise1 */,
				27AAB1EC1AA4EB6D009E40A9 /* Exercise1Tests */,
				27AAB1D11AA4EB6D009E40A9 /* Products */,
			);
			sourceTree = "<group>";
		};
		27AAB1D11AA4EB6D009E40A9 /* Products */ = {
			isa = PBXGroup;
			children = (
				27AAB1D01AA4EB6D009E40A9 /* Exercise1.app */,
				27AAB1E91AA4EB6D009E40A9 /* Exercise1Tests.xctest */,
			);
			name = Products;
			sourceTree = "<group>";
		};
		27AAB1D21AA4EB6D009E40A9 /* Exercise1 */ = {
			isa = PBXGroup;
			children = (
				27AAB1D71AA4EB6D009E40A9 /* AppDelegate.h */,
				27AAB1D81AA4EB6D009E40A9 /* AppDelegate.m */,
				27AAB21B1AA53520009E40A9 /* Helpers */,
				27AAB2191AA53322009E40A9 /* Controllers */,
				27AAB21A1AA53331009E40A9 /* Storyboards */,
				27AAB1E01AA4EB6D009E40A9 /* Images.xcassets */,
				27AAB1E21AA4EB6D009E40A9 /* LaunchScreen.xib */,
				27AAB1D31AA4EB6D009E40A9 /* Supporting Files */,
			);
			path = Exercise1;
			sourceTree = "<group>";
		};
		27AAB1D31AA4EB6D009E40A9 /* Supporting Files */ = {
			isa = PBXGroup;
			children = (
				27AAB1D41AA4EB6D009E40A9 /* Info.plist */,
				27AAB1D51AA4EB6D009E40A9 /* main.m */,
			);
			name = "Supporting Files";
			sourceTree = "<group>";
		};
		27AAB1EC1AA4EB6D009E40A9 /* Exercise1Tests */ = {
			isa = PBXGroup;
			children = (
				27AAB1EF1AA4EB6D009E40A9 /* Exercise1Tests.m */,
				27AAB1ED1AA4EB6D009E40A9 /* Supporting Files */,
			);
			path = Exercise1Tests;
			sourceTree = "<group>";
		};
		27AAB1ED1AA4EB6D009E40A9 /* Supporting Files */ = {
			isa = PBXGroup;
			children = (
				27AAB1EE1AA4EB6D009E40A9 /* Info.plist */,
			);
			name = "Supporting Files";
			sourceTree = "<group>";
		};
		27AAB2191AA53322009E40A9 /* Controllers */ = {
			isa = PBXGroup;
			children = (
				27AAB1DA1AA4EB6D009E40A9 /* MainViewController.h */,
				27AAB1DB1AA4EB6D009E40A9 /* MainViewController.m */,
				27AAB1F91AA4F1A6009E40A9 /* NumberPadViewController.h */,
				27AAB1FA1AA4F1A6009E40A9 /* NumberPadViewController.m */,
				27AAB1FC1AA4F1CF009E40A9 /* OperationsViewController.h */,
				27AAB1FD1AA4F1CF009E40A9 /* OperationsViewController.m */,
			);
			name = Controllers;
			sourceTree = "<group>";
		};
		27AAB21A1AA53331009E40A9 /* Storyboards */ = {
			isa = PBXGroup;
			children = (
				27AAB1DD1AA4EB6D009E40A9 /* Main.storyboard */,
			);
			name = Storyboards;
			sourceTree = "<group>";
		};
		27AAB21B1AA53520009E40A9 /* Helpers */ = {
			isa = PBXGroup;
			children = (
				27AAB2161AA5305F009E40A9 /* CalculatorEngine.h */,
				27AAB2171AA5305F009E40A9 /* CalculatorEngine.m */,
			);
			name = Helpers;
			sourceTree = "<group>";
		};
/* End PBXGroup section */

/* Begin PBXNativeTarget section */
		27AAB1CF1AA4EB6D009E40A9 /* Exercise1 */ = {
			isa = PBXNativeTarget;
			buildConfigurationList = 27AAB1F31AA4EB6D009E40A9 /* Build configuration list for PBXNativeTarget "Exercise1" */;
			buildPhases = (
				27AAB1CC1AA4EB6D009E40A9 /* Sources */,
				27AAB1CD1AA4EB6D009E40A9 /* Frameworks */,
				27AAB1CE1AA4EB6D009E40A9 /* Resources */,
			);
			buildRules = (
			);
			dependencies = (
			);
			name = Exercise1;
			productName = Exercise1;
			productReference = 27AAB1D01AA4EB6D009E40A9 /* Exercise1.app */;
			productType = "com.apple.product-type.application";
		};
		27AAB1E81AA4EB6D009E40A9 /* Exercise1Tests */ = {
			isa = PBXNativeTarget;
			buildConfigurationList = 27AAB1F61AA4EB6D009E40A9 /* Build configuration list for PBXNativeTarget "Exercise1Tests" */;
			buildPhases = (
				27AAB1E51AA4EB6D009E40A9 /* Sources */,
				27AAB1E61AA4EB6D009E40A9 /* Frameworks */,
				27AAB1E71AA4EB6D009E40A9 /* Resources */,
			);
			buildRules = (
			);
			dependencies = (
				27AAB1EB1AA4EB6D009E40A9 /* PBXTargetDependency */,
			);
			name = Exercise1Tests;
			productName = Exercise1Tests;
			productReference = 27AAB1E91AA4EB6D009E40A9 /* Exercise1Tests.xctest */;
			productType = "com.apple.product-type.bundle.unit-test";
		};
/* End PBXNativeTarget section */

/* Begin PBXProject section */
		27AAB1C81AA4EB6D009E40A9 /* Project object */ = {
			isa = PBXProject;
			attributes = {
				LastUpgradeCheck = 0610;
				ORGANIZATIONNAME = "Mike Moss";
				TargetAttributes = {
					27AAB1CF1AA4EB6D009E40A9 = {
						CreatedOnToolsVersion = 6.1.1;
					};
					27AAB1E81AA4EB6D009E40A9 = {
						CreatedOnToolsVersion = 6.1.1;
						TestTargetID = 27AAB1CF1AA4EB6D009E40A9;
					};
				};
			};
			buildConfigurationList = 27AAB1CB1AA4EB6D009E40A9 /* Build configuration list for PBXProject "Exercise1" */;
			compatibilityVersion = "Xcode 3.2";
			developmentRegion = English;
			hasScannedForEncodings = 0;
			knownRegions = (
				en,
				Base,
			);
			mainGroup = 27AAB1C71AA4EB6D009E40A9;
			productRefGroup = 27AAB1D11AA4EB6D009E40A9 /* Products */;
			projectDirPath = "";
			projectRoot = "";
			targets = (
				27AAB1CF1AA4EB6D009E40A9 /* Exercise1 */,
				27AAB1E81AA4EB6D009E40A9 /* Exercise1Tests */,
			);
		};
/* End PBXProject section */

/* Begin PBXResourcesBuildPhase section */
		27AAB1CE1AA4EB6D009E40A9 /* Resources */ = {
			isa = PBXResourcesBuildPhase;
			buildActionMask = 2147483647;
			files = (
				27AAB1DF1AA4EB6D009E40A9 /* Main.storyboard in Resources */,
				27AAB1E41AA4EB6D009E40A9 /* LaunchScreen.xib in Resources */,
				27AAB1E11AA4EB6D009E40A9 /* Images.xcassets in Resources */,
			);
			runOnlyForDeploymentPostprocessing = 0;
		};
		27AAB1E71AA4EB6D009E40A9 /* Resources */ = {
			isa = PBXResourcesBuildPhase;
			buildActionMask = 2147483647;
			files = (
			);
			runOnlyForDeploymentPostprocessing = 0;
		};
/* End PBXResourcesBuildPhase section */

/* Begin PBXSourcesBuildPhase section */
		27AAB1CC1AA4EB6D009E40A9 /* Sources */ = {
			isa = PBXSourcesBuildPhase;
			buildActionMask = 2147483647;
			files = (
				27AAB1FE1AA4F1CF009E40A9 /* OperationsViewController.m in Sources */,
				27AAB1DC1AA4EB6D009E40A9 /* MainViewController.m in Sources */,
				27AAB1FB1AA4F1A6009E40A9 /* NumberPadViewController.m in Sources */,
				27AAB2181AA5305F009E40A9 /* CalculatorEngine.m in Sources */,
				27AAB1D91AA4EB6D009E40A9 /* AppDelegate.m in Sources */,
				27AAB1D61AA4EB6D009E40A9 /* main.m in Sources */,
			);
			runOnlyForDeploymentPostprocessing = 0;
		};
		27AAB1E51AA4EB6D009E40A9 /* Sources */ = {
			isa = PBXSourcesBuildPhase;
			buildActionMask = 2147483647;
			files = (
				27AAB1F01AA4EB6D009E40A9 /* Exercise1Tests.m in Sources */,
			);
			runOnlyForDeploymentPostprocessing = 0;
		};
/* End PBXSourcesBuildPhase section */

/* Begin PBXTargetDependency section */
		27AAB1EB1AA4EB6D009E40A9 /* PBXTargetDependency */ = {
			isa = PBXTargetDependency;
			target = 27AAB1CF1AA4EB6D009E40A9 /* Exercise1 */;
			targetProxy = 27AAB1EA1AA4EB6D009E40A9 /* PBXContainerItemProxy */;
		};
/* End PBXTargetDependency section */

/* Begin PBXVariantGroup section */
		27AAB1DD1AA4EB6D009E40A9 /* Main.storyboard */ = {
			isa = PBXVariantGroup;
			children = (
				27AAB1DE1AA4EB6D009E40A9 /* Base */,
			);
			name = Main.storyboard;
			sourceTree = "<group>";
		};
		27AAB1E21AA4EB6D009E40A9 /* LaunchScreen.xib */ = {
			isa = PBXVariantGroup;
			children = (
				27AAB1E31AA4EB6D009E40A9 /* Base */,
			);
			name = LaunchScreen.xib;
			sourceTree = "<group>";
		};
/* End PBXVariantGroup section */

/* Begin XCBuildConfiguration section */
		27AAB1F11AA4EB6D009E40A9 /* Debug */ = {
			isa = XCBuildConfiguration;
			buildSettings = {
				ALWAYS_SEARCH_USER_PATHS = NO;
				CLANG_CXX_LANGUAGE_STANDARD = "gnu++0x";
				CLANG_CXX_LIBRARY = "libc++";
				CLANG_ENABLE_MODULES = YES;
				CLANG_ENABLE_OBJC_ARC = YES;
				CLANG_WARN_BOOL_CONVERSION = YES;
				CLANG_WARN_CONSTANT_CONVERSION = YES;
				CLANG_WARN_DIRECT_OBJC_ISA_USAGE = YES_ERROR;
				CLANG_WARN_EMPTY_BODY = YES;
				CLANG_WARN_ENUM_CONVERSION = YES;
				CLANG_WARN_INT_CONVERSION = YES;
				CLANG_WARN_OBJC_ROOT_CLASS = YES_ERROR;
				CLANG_WARN_UNREACHABLE_CODE = YES;
				CLANG_WARN__DUPLICATE_METHOD_MATCH = YES;
				"CODE_SIGN_IDENTITY[sdk=iphoneos*]" = "iPhone Developer";
				COPY_PHASE_STRIP = NO;
				ENABLE_STRICT_OBJC_MSGSEND = YES;
				GCC_C_LANGUAGE_STANDARD = gnu99;
				GCC_DYNAMIC_NO_PIC = NO;
				GCC_OPTIMIZATION_LEVEL = 0;
				GCC_PREPROCESSOR_DEFINITIONS = (
					"DEBUG=1",
					"$(inherited)",
				);
				GCC_SYMBOLS_PRIVATE_EXTERN = NO;
				GCC_WARN_64_TO_32_BIT_CONVERSION = YES;
				GCC_WARN_ABOUT_RETURN_TYPE = YES_ERROR;
				GCC_WARN_UNDECLARED_SELECTOR = YES;
				GCC_WARN_UNINITIALIZED_AUTOS = YES_AGGRESSIVE;
				GCC_WARN_UNUSED_FUNCTION = YES;
				GCC_WARN_UNUSED_VARIABLE = YES;
				IPHONEOS_DEPLOYMENT_TARGET = 8.1;
				MTL_ENABLE_DEBUG_INFO = YES;
				ONLY_ACTIVE_ARCH = YES;
				SDKROOT = iphoneos;
				TARGETED_DEVICE_FAMILY = "1,2";
			};
			name = Debug;
		};
		27AAB1F21AA4EB6D009E40A9 /* Release */ = {
			isa = XCBuildConfiguration;
			buildSettings = {
				ALWAYS_SEARCH_USER_PATHS = NO;
				CLANG_CXX_LANGUAGE_STANDARD = "gnu++0x";
				CLANG_CXX_LIBRARY = "libc++";
				CLANG_ENABLE_MODULES = YES;
				CLANG_ENABLE_OBJC_ARC = YES;
				CLANG_WARN_BOOL_CONVERSION = YES;
				CLANG_WARN_CONSTANT_CONVERSION = YES;
				CLANG_WARN_DIRECT_OBJC_ISA_USAGE = YES_ERROR;
				CLANG_WARN_EMPTY_BODY = YES;
				CLANG_WARN_ENUM_CONVERSION = YES;
				CLANG_WARN_INT_CONVERSION = YES;
				CLANG_WARN_OBJC_ROOT_CLASS = YES_ERROR;
				CLANG_WARN_UNREACHABLE_CODE = YES;
				CLANG_WARN__DUPLICATE_METHOD_MATCH = YES;
				"CODE_SIGN_IDENTITY[sdk=iphoneos*]" = "iPhone Developer";
				COPY_PHASE_STRIP = YES;
				ENABLE_NS_ASSERTIONS = NO;
				ENABLE_STRICT_OBJC_MSGSEND = YES;
				GCC_C_LANGUAGE_STANDARD = gnu99;
				GCC_WARN_64_TO_32_BIT_CONVERSION = YES;
				GCC_WARN_ABOUT_RETURN_TYPE = YES_ERROR;
				GCC_WARN_UNDECLARED_SELECTOR = YES;
				GCC_WARN_UNINITIALIZED_AUTOS = YES_AGGRESSIVE;
				GCC_WARN_UNUSED_FUNCTION = YES;
				GCC_WARN_UNUSED_VARIABLE = YES;
				IPHONEOS_DEPLOYMENT_TARGET = 8.1;
				MTL_ENABLE_DEBUG_INFO = NO;
				SDKROOT = iphoneos;
				TARGETED_DEVICE_FAMILY = "1,2";
				VALIDATE_PRODUCT = YES;
			};
			name = Release;
		};
		27AAB1F41AA4EB6D009E40A9 /* Debug */ = {
			isa = XCBuildConfiguration;
			buildSettings = {
				ASSETCATALOG_COMPILER_APPICON_NAME = AppIcon;
				INFOPLIST_FILE = Exercise1/Info.plist;
				LD_RUNPATH_SEARCH_PATHS = "$(inherited) @executable_path/Frameworks";
				PRODUCT_NAME = "$(TARGET_NAME)";
			};
			name = Debug;
		};
		27AAB1F51AA4EB6D009E40A9 /* Release */ = {
			isa = XCBuildConfiguration;
			buildSettings = {
				ASSETCATALOG_COMPILER_APPICON_NAME = AppIcon;
				INFOPLIST_FILE = Exercise1/Info.plist;
				LD_RUNPATH_SEARCH_PATHS = "$(inherited) @executable_path/Frameworks";
				PRODUCT_NAME = "$(TARGET_NAME)";
			};
			name = Release;
		};
		27AAB1F71AA4EB6D009E40A9 /* Debug */ = {
			isa = XCBuildConfiguration;
			buildSettings = {
				BUNDLE_LOADER = "$(TEST_HOST)";
				FRAMEWORK_SEARCH_PATHS = (
					"$(SDKROOT)/Developer/Library/Frameworks",
					"$(inherited)",
				);
				GCC_PREPROCESSOR_DEFINITIONS = (
					"DEBUG=1",
					"$(inherited)",
				);
				INFOPLIST_FILE = Exercise1Tests/Info.plist;
				LD_RUNPATH_SEARCH_PATHS = "$(inherited) @executable_path/Frameworks @loader_path/Frameworks";
				PRODUCT_NAME = "$(TARGET_NAME)";
				TEST_HOST = "$(BUILT_PRODUCTS_DIR)/Exercise1.app/Exercise1";
			};
			name = Debug;
		};
		27AAB1F81AA4EB6D009E40A9 /* Release */ = {
			isa = XCBuildConfiguration;
			buildSettings = {
				BUNDLE_LOADER = "$(TEST_HOST)";
				FRAMEWORK_SEARCH_PATHS = (
					"$(SDKROOT)/Developer/Library/Frameworks",
					"$(inherited)",
				);
				INFOPLIST_FILE = Exercise1Tests/Info.plist;
				LD_RUNPATH_SEARCH_PATHS = "$(inherited) @executable_path/Frameworks @loader_path/Frameworks";
				PRODUCT_NAME = "$(TARGET_NAME)";
				TEST_HOST = "$(BUILT_PRODUCTS_DIR)/Exercise1.app/Exercise1";
			};
			name = Release;
		};
/* End XCBuildConfiguration section */

/* Begin XCConfigurationList section */
		27AAB1CB1AA4EB6D009E40A9 /* Build configuration list for PBXProject "Exercise1" */ = {
			isa = XCConfigurationList;
			buildConfigurations = (
				27AAB1F11AA4EB6D009E40A9 /* Debug */,
				27AAB1F21AA4EB6D009E40A9 /* Release */,
			);
			defaultConfigurationIsVisible = 0;
			defaultConfigurationName = Release;
		};
		27AAB1F31AA4EB6D009E40A9 /* Build configuration list for PBXNativeTarget "Exercise1" */ = {
			isa = XCConfigurationList;
			buildConfigurations = (
				27AAB1F41AA4EB6D009E40A9 /* Debug */,
				27AAB1F51AA4EB6D009E40A9 /* Release */,
			);
			defaultConfigurationIsVisible = 0;
			defaultConfigurationName = Release;
		};
		27AAB1F61AA4EB6D009E40A9 /* Build configuration list for PBXNativeTarget "Exercise1Tests" */ = {
			isa = XCConfigurationList;
			buildConfigurations = (
				27AAB1F71AA4EB6D009E40A9 /* Debug */,
				27AAB1F81AA4EB6D009E40A9 /* Release */,
			);
			defaultConfigurationIsVisible = 0;
			defaultConfigurationName = Release;
		};
/* End XCConfigurationList section */
	};
	rootObject = 27AAB1C81AA4EB6D009E40A9 /* Project object */;
}
